
Microsoft Visual Studio Solution File, Format Version 12.00
# Visual Studio 15
VisualStudioVersion = 15.0.28307.1705
MinimumVisualStudioVersion = 10.0.40219.1
Project("{FAE04EC0-301F-11D3-BF4B-00C04F79EFBC}") = "UCP1PraktikumPAW", "UCP1PraktikumPAW\UCP1PraktikumPAW.csproj", "{3CD8AC5D-0473-4B24-9420-C4457710F883}"
EndProject
Global
	GlobalSection(SolutionConfigurationPlatforms) = preSolution
		Debug|Any CPU = Debug|Any CPU
		Release|Any CPU = Release|Any CPU
	EndGlobalSection
	GlobalSection(ProjectConfigurationPlatforms) = postSolution
		{3CD8AC5D-0473-4B24-9420-C4457710F883}.Debug|Any CPU.ActiveCfg = Debug|Any CPU
		{3CD8AC5D-0473-4B24-9420-C4457710F883}.Debug|Any CPU.Build.0 = Debug|Any CPU
		{3CD8AC5D-0473-4B24-9420-C4457710F883}.Release|Any CPU.ActiveCfg = Release|Any CPU
		{3CD8AC5D-0473-4B24-9420-C4457710F883}.Release|Any CPU.Build.0 = Release|Any CPU
	EndGlobalSection
	GlobalSection(SolutionProperties) = preSolution
		HideSolutionNode = FALSE
	EndGlobalSection
	GlobalSection(ExtensibilityGlobals) = postSolution
		SolutionGuid = {44D7CD9E-F75F-46E2-A198-050FB9051744}
	EndGlobalSection
EndGlobal
